// !$*UTF8*$!
{
	archiveVersion = 1;
	classes = {
	};
	objectVersion = 46;
	objects = {

/* Begin PBXAggregateTarget section */
		6831AEE918446F2D004FD4C2 /* BuildAll */ = {
			isa = PBXAggregateTarget;
			buildConfigurationList = 6831AEEC18446F2D004FD4C2 /* Build configuration list for PBXAggregateTarget "BuildAll" */;
			buildPhases = (
			);
			dependencies = (
				6831AEF018446F3B004FD4C2 /* PBXTargetDependency */,
				6831AEEE18446F37004FD4C2 /* PBXTargetDependency */,
			);
			name = BuildAll;
			productName = BuildAll;
		};
/* End PBXAggregateTarget section */

/* Begin PBXBuildFile section */
		680F80F6183F7693006780D8 /* main.c in Sources */ = {isa = PBXBuildFile; fileRef = 680F80F5183F7693006780D8 /* main.c */; };
		680F8105183F76BC006780D8 /* main.c in Sources */ = {isa = PBXBuildFile; fileRef = 680F8104183F76BC006780D8 /* main.c */; };
/* End PBXBuildFile section */

/* Begin PBXContainerItemProxy section */
		6831AEED18446F37004FD4C2 /* PBXContainerItemProxy */ = {
			isa = PBXContainerItemProxy;
			containerPortal = 680F80EA183F7693006780D8 /* Project object */;
			proxyType = 1;
			remoteGlobalIDString = 680F80F1183F7693006780D8;
			remoteInfo = ShareMem;
		};
		6831AEEF18446F3B004FD4C2 /* PBXContainerItemProxy */ = {
			isa = PBXContainerItemProxy;
			containerPortal = 680F80EA183F7693006780D8 /* Project object */;
			proxyType = 1;
			remoteGlobalIDString = 680F8101183F76BC006780D8;
			remoteInfo = Child;
		};
/* End PBXContainerItemProxy section */

/* Begin PBXCopyFilesBuildPhase section */
		680F80F0183F7693006780D8 /* CopyFiles */ = {
			isa = PBXCopyFilesBuildPhase;
			buildActionMask = 2147483647;
			dstPath = /usr/share/man/man1/;
			dstSubfolderSpec = 0;
			files = (
			);
			runOnlyForDeploymentPostprocessing = 1;
		};
		680F8100183F76BC006780D8 /* CopyFiles */ = {
			isa = PBXCopyFilesBuildPhase;
			buildActionMask = 2147483647;
			dstPath = /usr/share/man/man1/;
			dstSubfolderSpec = 0;
			files = (
			);
			runOnlyForDeploymentPostprocessing = 1;
		};
/* End PBXCopyFilesBuildPhase section */

/* Begin PBXFileReference section */
		680F80F2183F7693006780D8 /* ShareMem */ = {isa = PBXFileReference; explicitFileType = "compiled.mach-o.executable"; includeInIndex = 0; path = ShareMem; sourceTree = BUILT_PRODUCTS_DIR; };
		680F80F5183F7693006780D8 /* main.c */ = {isa = PBXFileReference; lastKnownFileType = sourcecode.c.c; path = main.c; sourceTree = "<group>"; };
		680F8102183F76BC006780D8 /* Child */ = {isa = PBXFileReference; explicitFileType = "compiled.mach-o.executable"; includeInIndex = 0; path = Child; sourceTree = BUILT_PRODUCTS_DIR; };
		680F8104183F76BC006780D8 /* main.c */ = {isa = PBXFileReference; lastKnownFileType = sourcecode.c.c; path = main.c; sourceTree = "<group>"; };
		680F810D183F77E1006780D8 /* Public.h */ = {isa = PBXFileReference; fileEncoding = 4; lastKnownFileType = sourcecode.c.h; path = Public.h; sourceTree = "<group>"; };
/* End PBXFileReference section */

/* Begin PBXFrameworksBuildPhase section */
		680F80EF183F7693006780D8 /* Frameworks */ = {
			isa = PBXFrameworksBuildPhase;
			buildActionMask = 2147483647;
			files = (
			);
			runOnlyForDeploymentPostprocessing = 0;
		};
		680F80FF183F76BC006780D8 /* Frameworks */ = {
			isa = PBXFrameworksBuildPhase;
			buildActionMask = 2147483647;
			files = (
			);
			runOnlyForDeploymentPostprocessing = 0;
		};
/* End PBXFrameworksBuildPhase section */

/* Begin PBXGroup section */
		680F80E9183F7693006780D8 = {
			isa = PBXGroup;
			children = (
				680F810D183F77E1006780D8 /* Public.h */,
				680F80F4183F7693006780D8 /* ShareMem */,
				680F8103183F76BC006780D8 /* Child */,
				680F80F3183F7693006780D8 /* Products */,
			);
			sourceTree = "<group>";
		};
		680F80F3183F7693006780D8 /* Products */ = {
			isa = PBXGroup;
			children = (
				680F80F2183F7693006780D8 /* ShareMem */,
				680F8102183F76BC006780D8 /* Child */,
			);
			name = Products;
			sourceTree = "<group>";
		};
		680F80F4183F7693006780D8 /* ShareMem */ = {
			isa = PBXGroup;
			children = (
				680F80F5183F7693006780D8 /* main.c */,
			);
			path = ShareMem;
			sourceTree = "<group>";
		};
		680F8103183F76BC006780D8 /* Child */ = {
			isa = PBXGroup;
			children = (
				680F8104183F76BC006780D8 /* main.c */,
			);
			path = Child;
			sourceTree = "<group>";
		};
/* End PBXGroup section */

/* Begin PBXNativeTarget section */
		680F80F1183F7693006780D8 /* ShareMem */ = {
			isa = PBXNativeTarget;
			buildConfigurationList = 680F80FB183F7693006780D8 /* Build configuration list for PBXNativeTarget "ShareMem" */;
			buildPhases = (
				680F80EE183F7693006780D8 /* Sources */,
				680F80EF183F7693006780D8 /* Frameworks */,
				680F80F0183F7693006780D8 /* CopyFiles */,
			);
			buildRules = (
			);
			dependencies = (
			);
			name = ShareMem;
			productName = ShareMem;
			productReference = 680F80F2183F7693006780D8 /* ShareMem */;
			productType = "com.apple.product-type.tool";
		};
		680F8101183F76BC006780D8 /* Child */ = {
			isa = PBXNativeTarget;
			buildConfigurationList = 680F8108183F76BC006780D8 /* Build configuration list for PBXNativeTarget "Child" */;
			buildPhases = (
				680F80FE183F76BC006780D8 /* Sources */,
				680F80FF183F76BC006780D8 /* Frameworks */,
				680F8100183F76BC006780D8 /* CopyFiles */,
			);
			buildRules = (
			);
			dependencies = (
			);
			name = Child;
			productName = Child;
			productReference = 680F8102183F76BC006780D8 /* Child */;
			productType = "com.apple.product-type.tool";
		};
/* End PBXNativeTarget section */

/* Begin PBXProject section */
		680F80EA183F7693006780D8 /* Project object */ = {
			isa = PBXProject;
			attributes = {
				LastUpgradeCheck = 0500;
				ORGANIZATIONNAME = "Will Han";
			};
			buildConfigurationList = 680F80ED183F7693006780D8 /* Build configuration list for PBXProject "ShareMem" */;
			compatibilityVersion = "Xcode 3.2";
			developmentRegion = English;
			hasScannedForEncodings = 0;
			knownRegions = (
				en,
			);
			mainGroup = 680F80E9183F7693006780D8;
			productRefGroup = 680F80F3183F7693006780D8 /* Products */;
			projectDirPath = "";
			projectRoot = "";
			targets = (
				680F8101183F76BC006780D8 /* Child */,
				680F80F1183F7693006780D8 /* ShareMem */,
				6831AEE918446F2D004FD4C2 /* BuildAll */,
			);
		};
/* End PBXProject section */

/* Begin PBXSourcesBuildPhase section */
		680F80EE183F7693006780D8 /* Sources */ = {
			isa = PBXSourcesBuildPhase;
			buildActionMask = 2147483647;
			files = (
				680F80F6183F7693006780D8 /* main.c in Sources */,
			);
			runOnlyForDeploymentPostprocessing = 0;
		};
		680F80FE183F76BC006780D8 /* Sources */ = {
			isa = PBXSourcesBuildPhase;
			buildActionMask = 2147483647;
			files = (
				680F8105183F76BC006780D8 /* main.c in Sources */,
			);
			runOnlyForDeploymentPostprocessing = 0;
		};
/* End PBXSourcesBuildPhase section */

/* Begin PBXTargetDependency section */
		6831AEEE18446F37004FD4C2 /* PBXTargetDependency */ = {
			isa = PBXTargetDependency;
			target = 680F80F1183F7693006780D8 /* ShareMem */;
			targetProxy = 6831AEED18446F37004FD4C2 /* PBXContainerItemProxy */;
		};
		6831AEF018446F3B004FD4C2 /* PBXTargetDependency */ = {
			isa = PBXTargetDependency;
			target = 680F8101183F76BC006780D8 /* Child */;
			targetProxy = 6831AEEF18446F3B004FD4C2 /* PBXContainerItemProxy */;
		};
/* End PBXTargetDependency section */

/* Begin XCBuildConfiguration section */
		680F80F9183F7693006780D8 /* Debug */ = {
			isa = XCBuildConfiguration;
			buildSettings = {
				ALWAYS_SEARCH_USER_PATHS = NO;
				CLANG_CXX_LANGUAGE_STANDARD = "gnu++0x";
				CLANG_CXX_LIBRARY = "libc++";
				CLANG_ENABLE_OBJC_ARC = YES;
				CLANG_WARN_BOOL_CONVERSION = YES;
				CLANG_WARN_CONSTANT_CONVERSION = YES;
				CLANG_WARN_DIRECT_OBJC_ISA_USAGE = YES_ERROR;
				CLANG_WARN_EMPTY_BODY = YES;
				CLANG_WARN_ENUM_CONVERSION = YES;
				CLANG_WARN_INT_CONVERSION = YES;
				CLANG_WARN_OBJC_ROOT_CLASS = YES_ERROR;
				CLANG_WARN__DUPLICATE_METHOD_MATCH = YES;
				COPY_PHASE_STRIP = NO;
				GCC_C_LANGUAGE_STANDARD = gnu99;
				GCC_DYNAMIC_NO_PIC = NO;
				GCC_ENABLE_OBJC_EXCEPTIONS = YES;
				GCC_OPTIMIZATION_LEVEL = 0;
				GCC_PREPROCESSOR_DEFINITIONS = (
					"DEBUG=1",
					"$(inherited)",
				);
				GCC_SYMBOLS_PRIVATE_EXTERN = NO;
				GCC_WARN_64_TO_32_BIT_CONVERSION = YES;
				GCC_WARN_ABOUT_RETURN_TYPE = YES_ERROR;
				GCC_WARN_UNDECLARED_SELECTOR = YES;
				GCC_WARN_UNINITIALIZED_AUTOS = YES;
				GCC_WARN_UNUSED_FUNCTION = YES;
				GCC_WARN_UNUSED_VARIABLE = YES;
				MACOSX_DEPLOYMENT_TARGET = 10.8;
				ONLY_ACTIVE_ARCH = YES;
				SDKROOT = macosx;
			};
			name = Debug;
		};
		680F80FA183F7693006780D8 /* Release */ = {
			isa = XCBuildConfiguration;
			buildSettings = {
				ALWAYS_SEARCH_USER_PATHS = NO;
				CLANG_CXX_LANGUAGE_STANDARD = "gnu++0x";
				CLANG_CXX_LIBRARY = "libc++";
				CLANG_ENABLE_OBJC_ARC = YES;
				CLANG_WARN_BOOL_CONVERSION = YES;
				CLANG_WARN_CONSTANT_CONVERSION = YES;
				CLANG_WARN_DIRECT_OBJC_ISA_USAGE = YES_ERROR;
				CLANG_WARN_EMPTY_BODY = YES;
				CLANG_WARN_ENUM_CONVERSION = YES;
				CLANG_WARN_INT_CONVERSION = YES;
				CLANG_WARN_OBJC_ROOT_CLASS = YES_ERROR;
				CLANG_WARN__DUPLICATE_METHOD_MATCH = YES;
				COPY_PHASE_STRIP = YES;
				DEBUG_INFORMATION_FORMAT = "dwarf-with-dsym";
				ENABLE_NS_ASSERTIONS = NO;
				GCC_C_LANGUAGE_STANDARD = gnu99;
				GCC_ENABLE_OBJC_EXCEPTIONS = YES;
				GCC_WARN_64_TO_32_BIT_CONVERSION = YES;
				GCC_WARN_ABOUT_RETURN_TYPE = YES_ERROR;
				GCC_WARN_UNDECLARED_SELECTOR = YES;
				GCC_WARN_UNINITIALIZED_AUTOS = YES;
				GCC_WARN_UNUSED_FUNCTION = YES;
				GCC_WARN_UNUSED_VARIABLE = YES;
				MACOSX_DEPLOYMENT_TARGET = 10.8;
				SDKROOT = macosx;
			};
			name = Release;
		};
		680F80FC183F7693006780D8 /* Debug */ = {
			isa = XCBuildConfiguration;
			buildSettings = {
				ARCHS = "$(ARCHS_STANDARD)";
				PRODUCT_NAME = "$(TARGET_NAME)";
			};
			name = Debug;
		};
		680F80FD183F7693006780D8 /* Release */ = {
			isa = XCBuildConfiguration;
			buildSettings = {
				ARCHS = "$(ARCHS_STANDARD)";
				PRODUCT_NAME = "$(TARGET_NAME)";
			};
			name = Release;
		};
		680F8109183F76BC006780D8 /* Debug */ = {
			isa = XCBuildConfiguration;
			buildSettings = {
				GCC_PREPROCESSOR_DEFINITIONS = (
					"DEBUG=1",
					"$(inherited)",
				);
				PRODUCT_NAME = "$(TARGET_NAME)";
			};
			name = Debug;
		};
		680F810A183F76BC006780D8 /* Release */ = {
			isa = XCBuildConfiguration;
			buildSettings = {
				PRODUCT_NAME = "$(TARGET_NAME)";
			};
			name = Release;
		};
		6831AEEA18446F2D004FD4C2 /* Debug */ = {
			isa = XCBuildConfiguration;
			buildSettings = {
				PRODUCT_NAME = "$(TARGET_NAME)";
			};
			name = Debug;
		};
		6831AEEB18446F2D004FD4C2 /* Release */ = {
			isa = XCBuildConfiguration;
			buildSettings = {
				PRODUCT_NAME = "$(TARGET_NAME)";
			};
			name = Release;
		};
/* End XCBuildConfiguration section */

/* Begin XCConfigurationList section */
		680F80ED183F7693006780D8 /* Build configuration list for PBXProject "ShareMem" */ = {
			isa = XCConfigurationList;
			buildConfigurations = (
				680F80F9183F7693006780D8 /* Debug */,
				680F80FA183F7693006780D8 /* Release */,
			);
			defaultConfigurationIsVisible = 0;
			defaultConfigurationName = Release;
		};
		680F80FB183F7693006780D8 /* Build configuration list for PBXNativeTarget "ShareMem" */ = {
			isa = XCConfigurationList;
			buildConfigurations = (
				680F80FC183F7693006780D8 /* Debug */,
				680F80FD183F7693006780D8 /* Release */,
			);
			defaultConfigurationIsVisible = 0;
			defaultConfigurationName = Release;
		};
		680F8108183F76BC006780D8 /* Build configuration list for PBXNativeTarget "Child" */ = {
			isa = XCConfigurationList;
			buildConfigurations = (
				680F8109183F76BC006780D8 /* Debug */,
				680F810A183F76BC006780D8 /* Release */,
			);
			defaultConfigurationIsVisible = 0;
			defaultConfigurationName = Release;
		};
		6831AEEC18446F2D004FD4C2 /* Build configuration list for PBXAggregateTarget "BuildAll" */ = {
			isa = XCConfigurationList;
			buildConfigurations = (
				6831AEEA18446F2D004FD4C2 /* Debug */,
				6831AEEB18446F2D004FD4C2 /* Release */,
			);
			defaultConfigurationIsVisible = 0;
			defaultConfigurationName = Release;
		};
/* End XCConfigurationList section */
	};
	rootObject = 680F80EA183F7693006780D8 /* Project object */;
}
